
Microsoft Visual Studio Solution File, Format Version 12.00
Project("{FAE04EC0-301F-11D3-BF4B-00C04F79EFBC}") = "NoNameLudovik.CodingTracker", "NoNameLudovik.CodingTracker\NoNameLudovik.CodingTracker.csproj", "{761778D9-5806-4FEB-A75E-C95264B3D608}"
EndProject
Global
	GlobalSection(SolutionConfigurationPlatforms) = preSolution
		Debug|Any CPU = Debug|Any CPU
		Release|Any CPU = Release|Any CPU
	EndGlobalSection
	GlobalSection(ProjectConfigurationPlatforms) = postSolution
		{761778D9-5806-4FEB-A75E-C95264B3D608}.Debug|Any CPU.ActiveCfg = Debug|Any CPU
		{761778D9-5806-4FEB-A75E-C95264B3D608}.Debug|Any CPU.Build.0 = Debug|Any CPU
		{761778D9-5806-4FEB-A75E-C95264B3D608}.Release|Any CPU.ActiveCfg = Release|Any CPU
		{761778D9-5806-4FEB-A75E-C95264B3D608}.Release|Any CPU.Build.0 = Release|Any CPU
	EndGlobalSection
EndGlobal
